{
    "_meta": {
        "hash": {
            "sha256": "541a89cc9b6f30d21fd131b3601bdb0225dc9bffb4bbb45dab1a0d2826db1954"
        },
        "pipfile-spec": 6,
        "requires": {
            "python_version": "3.8"
        },
        "sources": [
            {
                "name": "pypi",
                "url": "https://pypi.python.org/simple",
                "verify_ssl": true
            }
        ]
    },
    "default": {
        "fnvhash": {
            "hashes": [
                "sha256:3e82d505054f9f3987b2b5b649f7e7b6f48349f6af8a1b8e4d66779699c85a8e"
            ],
            "index": "pypi",
            "version": "==0.1.0"
        }
    },
    "develop": {}
}
